# THIS IS AN AUTOGENERATED FILE. DO NOT EDIT THIS FILE DIRECTLY.
# yarn lockfile v1


commander@latest:
  version "12.1.0"
  resolved "https://registry.yarnpkg.com/commander/-/commander-12.1.0.tgz#01423b36f501259fdaac4d0e4d60c96c991585d3"
  integrity sha512-Vw8qHK3bZM9y/P10u3Vib8o/DdkvA2OtPtZvD871QKjy74Wj1WSKFILMPRPSdUSx5RFK1arlJzEtA4PkFgnbuA==

datascript@^1.7.3:
  version "1.7.3"
  resolved "https://registry.yarnpkg.com/datascript/-/datascript-1.7.3.tgz#a477429d93847aa0879f9a3d6033f458a3bf5d38"
  integrity sha512-FTmixofdWx37j4B9734X36XViSnFFJOgLaTc5rIvwd04V0R/bRgvSlSiQdEDbhXvYK0FemWZc2UBNhU87NTcHg==

equals@latest:
  version "1.0.5"
  resolved "https://registry.yarnpkg.com/equals/-/equals-1.0.5.tgz#212062dde5e1a510d955f13598efcc6a621b6ace"
  integrity sha512-wI15a6ZoaaXPv+55+Vh2Kqn3+efKRv8QPtcGTjW5xmanMnQzESdAt566jevtMZyt3W/jwLDTzXpMph5ECDJ2zg==
  dependencies:
    jkroso-type "1"

jkroso-type@1:
  version "1.1.1"
  resolved "https://registry.yarnpkg.com/jkroso-type/-/jkroso-type-1.1.1.tgz#bc4ced6d6c45fe0745282bafc86a9f8c4fc9ce61"
  integrity sha512-zZgay+fPG6PgMUrpyFADmQmvLo39+AZa7Gc5pZhev2RhDxwANEq2etwD8d0e6rTg5NkwOIlQmaEmns3draC6Ng==

jsedn@^0.4.1:
  version "0.4.1"
  resolved "https://registry.yarnpkg.com/jsedn/-/jsedn-0.4.1.tgz#5155f567450a7b94078414efdda90338a5d339c1"
  integrity sha512-ZzdF1smvJyiydoBJFYbXLx52wz6VIaAyDT4fGTmtdP6B7zrGCBzUI/0+QFIKoUmwgbHPSpzljdjkbHQHKWf8CQ==
  dependencies:
    commander latest
    equals latest
    type-component latest

type-component@latest:
  version "0.0.1"
  resolved "https://registry.yarnpkg.com/type-component/-/type-component-0.0.1.tgz#952a6c81c21efd24d13d811d0c8498cb860e1956"
  integrity sha512-mDZRBQS2yZkwRQKfjJvQ8UIYJeBNNWCq+HBNstl9N5s9jZ4dkVYXEGkVPsSCEh5Ld4JM1kmrZTzjnrqSAIQ7dw==
